
Microsoft Visual Studio Solution File, Format Version 12.00
# Visual Studio Version 17
VisualStudioVersion = 17.8.34525.116
MinimumVisualStudioVersion = 10.0.40219.1
Project("{FAE04EC0-301F-11D3-BF4B-00C04F79EFBC}") = "ProductManagment", "ProductManagment\ProductManagment.csproj", "{A5CAAB47-46A9-4B1E-96E8-53CFC0072575}"
EndProject
Global
	GlobalSection(SolutionConfigurationPlatforms) = preSolution
		Debug|Any CPU = Debug|Any CPU
		Release|Any CPU = Release|Any CPU
	EndGlobalSection
	GlobalSection(ProjectConfigurationPlatforms) = postSolution
		{A5CAAB47-46A9-4B1E-96E8-53CFC0072575}.Debug|Any CPU.ActiveCfg = Debug|Any CPU
		{A5CAAB47-46A9-4B1E-96E8-53CFC0072575}.Debug|Any CPU.Build.0 = Debug|Any CPU
		{A5CAAB47-46A9-4B1E-96E8-53CFC0072575}.Release|Any CPU.ActiveCfg = Release|Any CPU
		{A5CAAB47-46A9-4B1E-96E8-53CFC0072575}.Release|Any CPU.Build.0 = Release|Any CPU
	EndGlobalSection
	GlobalSection(SolutionProperties) = preSolution
		HideSolutionNode = FALSE
	EndGlobalSection
	GlobalSection(ExtensibilityGlobals) = postSolution
		SolutionGuid = {3631C79F-FD0F-48CD-A5AF-F0814E9DAD6E}
	EndGlobalSection
EndGlobal
